
Microsoft Visual Studio Solution File, Format Version 12.00
# Visual Studio Version 16
VisualStudioVersion = 16.0.30320.27
MinimumVisualStudioVersion = 10.0.40219.1
Project("{FAE04EC0-301F-11D3-BF4B-00C04F79EFBC}") = "SharesAPI", "SharesAPI\SharesAPI.csproj", "{9CD15F78-8FC4-4A40-8A3D-1541201B10DD}"
EndProject
Global
	GlobalSection(SolutionConfigurationPlatforms) = preSolution
		Debug|Any CPU = Debug|Any CPU
		Release|Any CPU = Release|Any CPU
	EndGlobalSection
	GlobalSection(ProjectConfigurationPlatforms) = postSolution
		{9CD15F78-8FC4-4A40-8A3D-1541201B10DD}.Debug|Any CPU.ActiveCfg = Debug|Any CPU
		{9CD15F78-8FC4-4A40-8A3D-1541201B10DD}.Debug|Any CPU.Build.0 = Debug|Any CPU
		{9CD15F78-8FC4-4A40-8A3D-1541201B10DD}.Release|Any CPU.ActiveCfg = Release|Any CPU
		{9CD15F78-8FC4-4A40-8A3D-1541201B10DD}.Release|Any CPU.Build.0 = Release|Any CPU
	EndGlobalSection
	GlobalSection(SolutionProperties) = preSolution
		HideSolutionNode = FALSE
	EndGlobalSection
	GlobalSection(ExtensibilityGlobals) = postSolution
		SolutionGuid = {1623D3A1-742A-4297-980D-4739062EEE91}
	EndGlobalSection
EndGlobal
